# THIS IS AN AUTOGENERATED FILE. DO NOT EDIT THIS FILE DIRECTLY.
# yarn lockfile v1


json-templater@^1.2.0:
  version "1.2.0"
  resolved "http://registry.npm.taobao.org/json-templater/download/json-templater-1.2.0.tgz#d12c96c7781d8451d623a8bee9b58f6901a8b15e"

jsonpatch@^3.0.1:
  version "3.0.1"
  resolved "http://registry.npm.taobao.org/jsonpatch/download/jsonpatch-3.0.1.tgz#97225367c1c3c5bf1641be59b2f73be19759f06f"
